// !$*UTF8*$!
{
	archiveVersion = 1;
	classes = {
	};
	objectVersion = 55;
	objects = {

/* Begin PBXBuildFile section */
		9B0F9B902802D0CA004960E0 /* Note.swift in Sources */ = {isa = PBXBuildFile; fileRef = 9B0F9B8F2802D0CA004960E0 /* Note.swift */; };
		9B0F9B922802D1C6004960E0 /* NoteList.swift in Sources */ = {isa = PBXBuildFile; fileRef = 9B0F9B912802D1C6004960E0 /* NoteList.swift */; };
		9B0F9B9628040AE5004960E0 /* Main.storyboard in Resources */ = {isa = PBXBuildFile; fileRef = 9B0F9B9528040AE5004960E0 /* Main.storyboard */; };
		9B1334A127F065F1001E331A /* AppDelegate.swift in Sources */ = {isa = PBXBuildFile; fileRef = 9B1334A027F065F1001E331A /* AppDelegate.swift */; };
		9B1334A327F065F1001E331A /* SceneDelegate.swift in Sources */ = {isa = PBXBuildFile; fileRef = 9B1334A227F065F1001E331A /* SceneDelegate.swift */; };
		9B1334A527F065F1001E331A /* NoteListViewController.swift in Sources */ = {isa = PBXBuildFile; fileRef = 9B1334A427F065F1001E331A /* NoteListViewController.swift */; };
		9B1334AA27F065F5001E331A /* Assets.xcassets in Resources */ = {isa = PBXBuildFile; fileRef = 9B1334A927F065F5001E331A /* Assets.xcassets */; };
		9B1334AD27F065F5001E331A /* LaunchScreen.storyboard in Resources */ = {isa = PBXBuildFile; fileRef = 9B1334AB27F065F5001E331A /* LaunchScreen.storyboard */; };
		9B1334D527F0C434001E331A /* DetailNoteViewController.swift in Sources */ = {isa = PBXBuildFile; fileRef = 9B1334D427F0C433001E331A /* DetailNoteViewController.swift */; };
/* End PBXBuildFile section */

/* Begin PBXFileReference section */
		9B0F9B8F2802D0CA004960E0 /* Note.swift */ = {isa = PBXFileReference; lastKnownFileType = sourcecode.swift; path = Note.swift; sourceTree = "<group>"; };
		9B0F9B912802D1C6004960E0 /* NoteList.swift */ = {isa = PBXFileReference; lastKnownFileType = sourcecode.swift; path = NoteList.swift; sourceTree = "<group>"; };
		9B0F9B9528040AE5004960E0 /* Main.storyboard */ = {isa = PBXFileReference; lastKnownFileType = file.storyboard; path = Main.storyboard; sourceTree = "<group>"; };
		9B13349D27F065F1001E331A /* MyNote.app */ = {isa = PBXFileReference; explicitFileType = wrapper.application; includeInIndex = 0; path = MyNote.app; sourceTree = BUILT_PRODUCTS_DIR; };
		9B1334A027F065F1001E331A /* AppDelegate.swift */ = {isa = PBXFileReference; lastKnownFileType = sourcecode.swift; path = AppDelegate.swift; sourceTree = "<group>"; };
		9B1334A227F065F1001E331A /* SceneDelegate.swift */ = {isa = PBXFileReference; lastKnownFileType = sourcecode.swift; path = SceneDelegate.swift; sourceTree = "<group>"; };
		9B1334A427F065F1001E331A /* NoteListViewController.swift */ = {isa = PBXFileReference; lastKnownFileType = sourcecode.swift; path = NoteListViewController.swift; sourceTree = "<group>"; };
		9B1334A927F065F5001E331A /* Assets.xcassets */ = {isa = PBXFileReference; lastKnownFileType = folder.assetcatalog; path = Assets.xcassets; sourceTree = "<group>"; };
		9B1334AC27F065F5001E331A /* Base */ = {isa = PBXFileReference; lastKnownFileType = file.storyboard; name = Base; path = Base.lproj/LaunchScreen.storyboard; sourceTree = "<group>"; };
		9B1334AE27F065F5001E331A /* Info.plist */ = {isa = PBXFileReference; lastKnownFileType = text.plist.xml; path = Info.plist; sourceTree = "<group>"; };
		9B1334D427F0C433001E331A /* DetailNoteViewController.swift */ = {isa = PBXFileReference; lastKnownFileType = sourcecode.swift; path = DetailNoteViewController.swift; sourceTree = "<group>"; };
/* End PBXFileReference section */

/* Begin PBXFrameworksBuildPhase section */
		9B13349A27F065F1001E331A /* Frameworks */ = {
			isa = PBXFrameworksBuildPhase;
			buildActionMask = 2147483647;
			files = (
			);
			runOnlyForDeploymentPostprocessing = 0;
		};
/* End PBXFrameworksBuildPhase section */

/* Begin PBXGroup section */
		9B0F9B932802D24C004960E0 /* Model */ = {
			isa = PBXGroup;
			children = (
				9B0F9B8F2802D0CA004960E0 /* Note.swift */,
				9B0F9B912802D1C6004960E0 /* NoteList.swift */,
			);
			path = Model;
			sourceTree = "<group>";
		};
		9B0F9B942802D644004960E0 /* ViewController */ = {
			isa = PBXGroup;
			children = (
				9B1334A427F065F1001E331A /* NoteListViewController.swift */,
				9B1334D427F0C433001E331A /* DetailNoteViewController.swift */,
			);
			path = ViewController;
			sourceTree = "<group>";
		};
		9B13349427F065F1001E331A = {
			isa = PBXGroup;
			children = (
				9B13349F27F065F1001E331A /* MyNote */,
				9B13349E27F065F1001E331A /* Products */,
			);
			sourceTree = "<group>";
		};
		9B13349E27F065F1001E331A /* Products */ = {
			isa = PBXGroup;
			children = (
				9B13349D27F065F1001E331A /* MyNote.app */,
			);
			name = Products;
			sourceTree = "<group>";
		};
		9B13349F27F065F1001E331A /* MyNote */ = {
			isa = PBXGroup;
			children = (
				9B1334A027F065F1001E331A /* AppDelegate.swift */,
				9B1334A227F065F1001E331A /* SceneDelegate.swift */,
				9B1334A927F065F5001E331A /* Assets.xcassets */,
				9B1334AE27F065F5001E331A /* Info.plist */,
				9B1BFAB3280CED7100E4FA1B /* Storyboards */,
				9B0F9B942802D644004960E0 /* ViewController */,
				9B0F9B932802D24C004960E0 /* Model */,
			);
			path = MyNote;
			sourceTree = "<group>";
		};
		9B1BFAB3280CED7100E4FA1B /* Storyboards */ = {
			isa = PBXGroup;
			children = (
				9B1334AB27F065F5001E331A /* LaunchScreen.storyboard */,
				9B0F9B9528040AE5004960E0 /* Main.storyboard */,
			);
			path = Storyboards;
			sourceTree = "<group>";
		};
/* End PBXGroup section */

/* Begin PBXNativeTarget section */
		9B13349C27F065F1001E331A /* MyNote */ = {
			isa = PBXNativeTarget;
			buildConfigurationList = 9B1334B127F065F5001E331A /* Build configuration list for PBXNativeTarget "MyNote" */;
			buildPhases = (
				9B13349927F065F1001E331A /* Sources */,
				9B13349A27F065F1001E331A /* Frameworks */,
				9B13349B27F065F1001E331A /* Resources */,
			);
			buildRules = (
			);
			dependencies = (
			);
			name = MyNote;
			productName = MyNote;
			productReference = 9B13349D27F065F1001E331A /* MyNote.app */;
			productType = "com.apple.product-type.application";
		};
/* End PBXNativeTarget section */

/* Begin PBXProject section */
		9B13349527F065F1001E331A /* Project object */ = {
			isa = PBXProject;
			attributes = {
				BuildIndependentTargetsInParallel = 1;
				LastSwiftUpdateCheck = 1320;
				LastUpgradeCheck = 1320;
				TargetAttributes = {
					9B13349C27F065F1001E331A = {
						CreatedOnToolsVersion = 13.2.1;
					};
				};
			};
			buildConfigurationList = 9B13349827F065F1001E331A /* Build configuration list for PBXProject "MyNote" */;
			compatibilityVersion = "Xcode 13.0";
			developmentRegion = en;
			hasScannedForEncodings = 0;
			knownRegions = (
				en,
				Base,
			);
			mainGroup = 9B13349427F065F1001E331A;
			productRefGroup = 9B13349E27F065F1001E331A /* Products */;
			projectDirPath = "";
			projectRoot = "";
			targets = (
				9B13349C27F065F1001E331A /* MyNote */,
			);
		};
/* End PBXProject section */

/* Begin PBXResourcesBuildPhase section */
		9B13349B27F065F1001E331A /* Resources */ = {
			isa = PBXResourcesBuildPhase;
			buildActionMask = 2147483647;
			files = (
				9B0F9B9628040AE5004960E0 /* Main.storyboard in Resources */,
				9B1334AD27F065F5001E331A /* LaunchScreen.storyboard in Resources */,
				9B1334AA27F065F5001E331A /* Assets.xcassets in Resources */,
			);
			runOnlyForDeploymentPostprocessing = 0;
		};
/* End PBXResourcesBuildPhase section */

/* Begin PBXSourcesBuildPhase section */
		9B13349927F065F1001E331A /* Sources */ = {
			isa = PBXSourcesBuildPhase;
			buildActionMask = 2147483647;
			files = (
				9B0F9B902802D0CA004960E0 /* Note.swift in Sources */,
				9B1334A527F065F1001E331A /* NoteListViewController.swift in Sources */,
				9B1334D527F0C434001E331A /* DetailNoteViewController.swift in Sources */,
				9B1334A127F065F1001E331A /* AppDelegate.swift in Sources */,
				9B1334A327F065F1001E331A /* SceneDelegate.swift in Sources */,
				9B0F9B922802D1C6004960E0 /* NoteList.swift in Sources */,
			);
			runOnlyForDeploymentPostprocessing = 0;
		};
/* End PBXSourcesBuildPhase section */

/* Begin PBXVariantGroup section */
		9B1334AB27F065F5001E331A /* LaunchScreen.storyboard */ = {
			isa = PBXVariantGroup;
			children = (
				9B1334AC27F065F5001E331A /* Base */,
			);
			name = LaunchScreen.storyboard;
			sourceTree = "<group>";
		};
/* End PBXVariantGroup section */

/* Begin XCBuildConfiguration section */
		9B1334AF27F065F5001E331A /* Debug */ = {
			isa = XCBuildConfiguration;
			buildSettings = {
				ALWAYS_SEARCH_USER_PATHS = NO;
				CLANG_ANALYZER_NONNULL = YES;
				CLANG_ANALYZER_NUMBER_OBJECT_CONVERSION = YES_AGGRESSIVE;
				CLANG_CXX_LANGUAGE_STANDARD = "gnu++17";
				CLANG_CXX_LIBRARY = "libc++";
				CLANG_ENABLE_MODULES = YES;
				CLANG_ENABLE_OBJC_ARC = YES;
				CLANG_ENABLE_OBJC_WEAK = YES;
				CLANG_WARN_BLOCK_CAPTURE_AUTORELEASING = YES;
				CLANG_WARN_BOOL_CONVERSION = YES;
				CLANG_WARN_COMMA = YES;
				CLANG_WARN_CONSTANT_CONVERSION = YES;
				CLANG_WARN_DEPRECATED_OBJC_IMPLEMENTATIONS = YES;
				CLANG_WARN_DIRECT_OBJC_ISA_USAGE = YES_ERROR;
				CLANG_WARN_DOCUMENTATION_COMMENTS = YES;
				CLANG_WARN_EMPTY_BODY = YES;
				CLANG_WARN_ENUM_CONVERSION = YES;
				CLANG_WARN_INFINITE_RECURSION = YES;
				CLANG_WARN_INT_CONVERSION = YES;
				CLANG_WARN_NON_LITERAL_NULL_CONVERSION = YES;
				CLANG_WARN_OBJC_IMPLICIT_RETAIN_SELF = YES;
				CLANG_WARN_OBJC_LITERAL_CONVERSION = YES;
				CLANG_WARN_OBJC_ROOT_CLASS = YES_ERROR;
				CLANG_WARN_QUOTED_INCLUDE_IN_FRAMEWORK_HEADER = YES;
				CLANG_WARN_RANGE_LOOP_ANALYSIS = YES;
				CLANG_WARN_STRICT_PROTOTYPES = YES;
				CLANG_WARN_SUSPICIOUS_MOVE = YES;
				CLANG_WARN_UNGUARDED_AVAILABILITY = YES_AGGRESSIVE;
				CLANG_WARN_UNREACHABLE_CODE = YES;
				CLANG_WARN__DUPLICATE_METHOD_MATCH = YES;
				COPY_PHASE_STRIP = NO;
				DEBUG_INFORMATION_FORMAT = dwarf;
				ENABLE_STRICT_OBJC_MSGSEND = YES;
				ENABLE_TESTABILITY = YES;
				GCC_C_LANGUAGE_STANDARD = gnu11;
				GCC_DYNAMIC_NO_PIC = NO;
				GCC_NO_COMMON_BLOCKS = YES;
				GCC_OPTIMIZATION_LEVEL = 0;
				GCC_PREPROCESSOR_DEFINITIONS = (
					"DEBUG=1",
					"$(inherited)",
				);
				GCC_WARN_64_TO_32_BIT_CONVERSION = YES;
				GCC_WARN_ABOUT_RETURN_TYPE = YES_ERROR;
				GCC_WARN_UNDECLARED_SELECTOR = YES;
				GCC_WARN_UNINITIALIZED_AUTOS = YES_AGGRESSIVE;
				GCC_WARN_UNUSED_FUNCTION = YES;
				GCC_WARN_UNUSED_VARIABLE = YES;
				IPHONEOS_DEPLOYMENT_TARGET = 15.2;
				MTL_ENABLE_DEBUG_INFO = INCLUDE_SOURCE;
				MTL_FAST_MATH = YES;
				ONLY_ACTIVE_ARCH = YES;
				SDKROOT = iphoneos;
				SWIFT_ACTIVE_COMPILATION_CONDITIONS = DEBUG;
				SWIFT_OPTIMIZATION_LEVEL = "-Onone";
			};
			name = Debug;
		};
		9B1334B027F065F5001E331A /* Release */ = {
			isa = XCBuildConfiguration;
			buildSettings = {
				ALWAYS_SEARCH_USER_PATHS = NO;
				CLANG_ANALYZER_NONNULL = YES;
				CLANG_ANALYZER_NUMBER_OBJECT_CONVERSION = YES_AGGRESSIVE;
				CLANG_CXX_LANGUAGE_STANDARD = "gnu++17";
				CLANG_CXX_LIBRARY = "libc++";
				CLANG_ENABLE_MODULES = YES;
				CLANG_ENABLE_OBJC_ARC = YES;
				CLANG_ENABLE_OBJC_WEAK = YES;
				CLANG_WARN_BLOCK_CAPTURE_AUTORELEASING = YES;
				CLANG_WARN_BOOL_CONVERSION = YES;
				CLANG_WARN_COMMA = YES;
				CLANG_WARN_CONSTANT_CONVERSION = YES;
				CLANG_WARN_DEPRECATED_OBJC_IMPLEMENTATIONS = YES;
				CLANG_WARN_DIRECT_OBJC_ISA_USAGE = YES_ERROR;
				CLANG_WARN_DOCUMENTATION_COMMENTS = YES;
				CLANG_WARN_EMPTY_BODY = YES;
				CLANG_WARN_ENUM_CONVERSION = YES;
				CLANG_WARN_INFINITE_RECURSION = YES;
				CLANG_WARN_INT_CONVERSION = YES;
				CLANG_WARN_NON_LITERAL_NULL_CONVERSION = YES;
				CLANG_WARN_OBJC_IMPLICIT_RETAIN_SELF = YES;
				CLANG_WARN_OBJC_LITERAL_CONVERSION = YES;
				CLANG_WARN_OBJC_ROOT_CLASS = YES_ERROR;
				CLANG_WARN_QUOTED_INCLUDE_IN_FRAMEWORK_HEADER = YES;
				CLANG_WARN_RANGE_LOOP_ANALYSIS = YES;
				CLANG_WARN_STRICT_PROTOTYPES = YES;
				CLANG_WARN_SUSPICIOUS_MOVE = YES;
				CLANG_WARN_UNGUARDED_AVAILABILITY = YES_AGGRESSIVE;
				CLANG_WARN_UNREACHABLE_CODE = YES;
				CLANG_WARN__DUPLICATE_METHOD_MATCH = YES;
				COPY_PHASE_STRIP = NO;
				DEBUG_INFORMATION_FORMAT = "dwarf-with-dsym";
				ENABLE_NS_ASSERTIONS = NO;
				ENABLE_STRICT_OBJC_MSGSEND = YES;
				GCC_C_LANGUAGE_STANDARD = gnu11;
				GCC_NO_COMMON_BLOCKS = YES;
				GCC_WARN_64_TO_32_BIT_CONVERSION = YES;
				GCC_WARN_ABOUT_RETURN_TYPE = YES_ERROR;
				GCC_WARN_UNDECLARED_SELECTOR = YES;
				GCC_WARN_UNINITIALIZED_AUTOS = YES_AGGRESSIVE;
				GCC_WARN_UNUSED_FUNCTION = YES;
				GCC_WARN_UNUSED_VARIABLE = YES;
				IPHONEOS_DEPLOYMENT_TARGET = 15.2;
				MTL_ENABLE_DEBUG_INFO = NO;
				MTL_FAST_MATH = YES;
				SDKROOT = iphoneos;
				SWIFT_COMPILATION_MODE = wholemodule;
				SWIFT_OPTIMIZATION_LEVEL = "-O";
				VALIDATE_PRODUCT = YES;
			};
			name = Release;
		};
		9B1334B227F065F5001E331A /* Debug */ = {
			isa = XCBuildConfiguration;
			buildSettings = {
				ASSETCATALOG_COMPILER_APPICON_NAME = AppIcon;
				ASSETCATALOG_COMPILER_GLOBAL_ACCENT_COLOR_NAME = AccentColor;
				CODE_SIGN_STYLE = Automatic;
				CURRENT_PROJECT_VERSION = 1;
				GENERATE_INFOPLIST_FILE = YES;
				INFOPLIST_FILE = MyNote/Info.plist;
				INFOPLIST_KEY_UIApplicationSupportsIndirectInputEvents = YES;
				INFOPLIST_KEY_UILaunchStoryboardName = LaunchScreen;
				INFOPLIST_KEY_UIMainStoryboardFile = Main;
				INFOPLIST_KEY_UISupportedInterfaceOrientations_iPad = "UIInterfaceOrientationPortrait UIInterfaceOrientationPortraitUpsideDown UIInterfaceOrientationLandscapeLeft UIInterfaceOrientationLandscapeRight";
				INFOPLIST_KEY_UISupportedInterfaceOrientations_iPhone = "UIInterfaceOrientationPortrait UIInterfaceOrientationLandscapeLeft UIInterfaceOrientationLandscapeRight";
				LD_RUNPATH_SEARCH_PATHS = (
					"$(inherited)",
					"@executable_path/Frameworks",
				);
				MARKETING_VERSION = 1.0;
				PRODUCT_BUNDLE_IDENTIFIER = com.example.apple.MyNote;
				PRODUCT_NAME = "$(TARGET_NAME)";
				SWIFT_EMIT_LOC_STRINGS = YES;
				SWIFT_VERSION = 5.0;
				TARGETED_DEVICE_FAMILY = "1,2";
			};
			name = Debug;
		};
		9B1334B327F065F5001E331A /* Release */ = {
			isa = XCBuildConfiguration;
			buildSettings = {
				ASSETCATALOG_COMPILER_APPICON_NAME = AppIcon;
				ASSETCATALOG_COMPILER_GLOBAL_ACCENT_COLOR_NAME = AccentColor;
				CODE_SIGN_STYLE = Automatic;
				CURRENT_PROJECT_VERSION = 1;
				GENERATE_INFOPLIST_FILE = YES;
				INFOPLIST_FILE = MyNote/Info.plist;
				INFOPLIST_KEY_UIApplicationSupportsIndirectInputEvents = YES;
				INFOPLIST_KEY_UILaunchStoryboardName = LaunchScreen;
				INFOPLIST_KEY_UIMainStoryboardFile = Main;
				INFOPLIST_KEY_UISupportedInterfaceOrientations_iPad = "UIInterfaceOrientationPortrait UIInterfaceOrientationPortraitUpsideDown UIInterfaceOrientationLandscapeLeft UIInterfaceOrientationLandscapeRight";
				INFOPLIST_KEY_UISupportedInterfaceOrientations_iPhone = "UIInterfaceOrientationPortrait UIInterfaceOrientationLandscapeLeft UIInterfaceOrientationLandscapeRight";
				LD_RUNPATH_SEARCH_PATHS = (
					"$(inherited)",
					"@executable_path/Frameworks",
				);
				MARKETING_VERSION = 1.0;
				PRODUCT_BUNDLE_IDENTIFIER = com.example.apple.MyNote;
				PRODUCT_NAME = "$(TARGET_NAME)";
				SWIFT_EMIT_LOC_STRINGS = YES;
				SWIFT_VERSION = 5.0;
				TARGETED_DEVICE_FAMILY = "1,2";
			};
			name = Release;
		};
/* End XCBuildConfiguration section */

/* Begin XCConfigurationList section */
		9B13349827F065F1001E331A /* Build configuration list for PBXProject "MyNote" */ = {
			isa = XCConfigurationList;
			buildConfigurations = (
				9B1334AF27F065F5001E331A /* Debug */,
				9B1334B027F065F5001E331A /* Release */,
			);
			defaultConfigurationIsVisible = 0;
			defaultConfigurationName = Release;
		};
		9B1334B127F065F5001E331A /* Build configuration list for PBXNativeTarget "MyNote" */ = {
			isa = XCConfigurationList;
			buildConfigurations = (
				9B1334B227F065F5001E331A /* Debug */,
				9B1334B327F065F5001E331A /* Release */,
			);
			defaultConfigurationIsVisible = 0;
			defaultConfigurationName = Release;
		};
/* End XCConfigurationList section */
	};
	rootObject = 9B13349527F065F1001E331A /* Project object */;
}
